
Microsoft Visual Studio Solution File, Format Version 12.00
# Visual Studio Version 17
VisualStudioVersion = 17.11.35303.130
MinimumVisualStudioVersion = 10.0.40219.1
Project("{FAE04EC0-301F-11D3-BF4B-00C04F79EFBC}") = "berek", "berek\berek.csproj", "{7B6BD2B3-3F18-415F-8204-524BA6EBB795}"
EndProject
Global
	GlobalSection(SolutionConfigurationPlatforms) = preSolution
		Debug|Any CPU = Debug|Any CPU
		Release|Any CPU = Release|Any CPU
	EndGlobalSection
	GlobalSection(ProjectConfigurationPlatforms) = postSolution
		{7B6BD2B3-3F18-415F-8204-524BA6EBB795}.Debug|Any CPU.ActiveCfg = Debug|Any CPU
		{7B6BD2B3-3F18-415F-8204-524BA6EBB795}.Debug|Any CPU.Build.0 = Debug|Any CPU
		{7B6BD2B3-3F18-415F-8204-524BA6EBB795}.Release|Any CPU.ActiveCfg = Release|Any CPU
		{7B6BD2B3-3F18-415F-8204-524BA6EBB795}.Release|Any CPU.Build.0 = Release|Any CPU
	EndGlobalSection
	GlobalSection(SolutionProperties) = preSolution
		HideSolutionNode = FALSE
	EndGlobalSection
	GlobalSection(ExtensibilityGlobals) = postSolution
		SolutionGuid = {3F8CE945-3F86-4FC8-8D9B-E7E787D80185}
	EndGlobalSection
EndGlobal
